<dec f='codebrowser/sysdeps/unix/sysv/linux/dirstream.h' l='34' type='__libc_lock_t'/>
<offset>32</offset>
<use f='codebrowser/sysdeps/unix/sysv/linux/readdir64.c' l='37' u='a' c='__readdir64'/>
<use f='codebrowser/sysdeps/unix/sysv/linux/readdir64.c' l='84' u='a' c='__readdir64'/>
<use f='codebrowser/sysdeps/unix/sysv/linux/readdir64_r.c' l='38' u='a' c='__readdir64_r'/>
<use f='codebrowser/sysdeps/unix/sysv/linux/readdir64_r.c' l='115' u='a' c='__readdir64_r'/>
<use f='codebrowser/sysdeps/unix/sysv/linux/rewinddir.c' l='29' u='a' c='__rewinddir'/>
<use f='codebrowser/sysdeps/unix/sysv/linux/rewinddir.c' l='37' u='a' c='__rewinddir'/>
<use f='codebrowser/sysdeps/unix/sysv/linux/seekdir.c' l='29' u='a' c='seekdir'/>
<use f='codebrowser/sysdeps/unix/sysv/linux/seekdir.c' l='34' u='a' c='seekdir'/>
<use f='codebrowser/sysdeps/unix/sysv/linux/telldir.c' l='28' u='a' c='telldir'/>
<use f='codebrowser/sysdeps/unix/sysv/linux/telldir.c' l='30' u='a' c='telldir'/>
