<dec f='codebrowser/include/nss_files.h' l='62' type='__libc_lock_t'/>
<offset>64</offset>
<use f='codebrowser/nss/nss_files_data.c' l='44' u='w' c='nss_files_global_allocate'/>
<use f='codebrowser/nss/nss_files_data.c' l='70' u='a' c='__nss_files_data_get'/>
<use f='codebrowser/nss/nss_files_data.c' l='120' u='a' c='__nss_files_data_put'/>
<use f='codebrowser/nss/nss_files_data.c' l='151' u='a' c='__nss_files_data_endent'/>
<use f='codebrowser/nss/nss_files_data.c' l='157' u='a' c='__nss_files_data_endent'/>
