<dec f='codebrowser/nscd/nscd-client.h' l='362' type='int'/>
<use f='codebrowser/nscd/nscd-client.h' l='373' u='a' c='__nscd_acquire_maplock'/>
<offset>0</offset>
<use f='codebrowser/nscd/nscd_gethst_r.c' l='124' u='w' c='__nscd_get_nl_timestamp'/>
<use f='codebrowser/nscd/nscd_helper.c' l='432' u='w' c='__nscd_get_map_ref'/>
