<dec f='codebrowser/posix/regex_internal.h' l='682' type='__libc_lock_t'/>
<use f='codebrowser/posix/regcomp.c' l='759' u='w' c='re_compile_internal'/>
<use f='codebrowser/posix/regexec.c' l='214' u='a' c='__regexec'/>
<use f='codebrowser/posix/regexec.c' l='221' u='a' c='__regexec'/>
<use f='codebrowser/posix/regexec.c' l='391' u='a' c='re_search_stub'/>
<use f='codebrowser/posix/regexec.c' l='455' u='a' c='re_search_stub'/>
<offset>1728</offset>
